
Microsoft Visual Studio Solution File, Format Version 12.00
# Visual Studio 14
VisualStudioVersion = 14.0.24720.0
MinimumVisualStudioVersion = 10.0.40219.1
Project("{FAE04EC0-301F-11D3-BF4B-00C04F79EFBC}") = "assignment_DAQ_sim_app", "assignment_DAQ_sim_app\assignment_DAQ_sim_app.csproj", "{3B7B3AE0-6668-4A20-A781-F44D60B972E0}"
EndProject
Global
	GlobalSection(SolutionConfigurationPlatforms) = preSolution
		Debug|Any CPU = Debug|Any CPU
		Release|Any CPU = Release|Any CPU
	EndGlobalSection
	GlobalSection(ProjectConfigurationPlatforms) = postSolution
		{3B7B3AE0-6668-4A20-A781-F44D60B972E0}.Debug|Any CPU.ActiveCfg = Debug|Any CPU
		{3B7B3AE0-6668-4A20-A781-F44D60B972E0}.Debug|Any CPU.Build.0 = Debug|Any CPU
		{3B7B3AE0-6668-4A20-A781-F44D60B972E0}.Release|Any CPU.ActiveCfg = Release|Any CPU
		{3B7B3AE0-6668-4A20-A781-F44D60B972E0}.Release|Any CPU.Build.0 = Release|Any CPU
	EndGlobalSection
	GlobalSection(SolutionProperties) = preSolution
		HideSolutionNode = FALSE
	EndGlobalSection
EndGlobal
